// !$*UTF8*$!
{
	archiveVersion = 1;
	classes = {
	};
	objectVersion = 50;
	objects = {

/* Begin PBXBuildFile section */
		E6E8B4DC235805C900113376 /* AppDelegate.swift in Sources */ = {isa = PBXBuildFile; fileRef = E6E8B4DB235805C900113376 /* AppDelegate.swift */; };
		E6E8B4DE235805C900113376 /* art.scnassets in Resources */ = {isa = PBXBuildFile; fileRef = E6E8B4DD235805C900113376 /* art.scnassets */; };
		E6E8B4E0235805C900113376 /* ViewController.swift in Sources */ = {isa = PBXBuildFile; fileRef = E6E8B4DF235805C900113376 /* ViewController.swift */; };
		E6E8B4E3235805C900113376 /* Main.storyboard in Resources */ = {isa = PBXBuildFile; fileRef = E6E8B4E1235805C900113376 /* Main.storyboard */; };
		E6E8B4E5235805CB00113376 /* Assets.xcassets in Resources */ = {isa = PBXBuildFile; fileRef = E6E8B4E4235805CB00113376 /* Assets.xcassets */; };
		E6E8B4E8235805CB00113376 /* LaunchScreen.storyboard in Resources */ = {isa = PBXBuildFile; fileRef = E6E8B4E6235805CB00113376 /* LaunchScreen.storyboard */; };
		E6E8B4F3235805CB00113376 /* IdahoPennTests.swift in Sources */ = {isa = PBXBuildFile; fileRef = E6E8B4F2235805CB00113376 /* IdahoPennTests.swift */; };
		E6E8B4FE235805CB00113376 /* IdahoPennUITests.swift in Sources */ = {isa = PBXBuildFile; fileRef = E6E8B4FD235805CB00113376 /* IdahoPennUITests.swift */; };
		E6E8B510235808BA00113376 /* MapViewController.swift in Sources */ = {isa = PBXBuildFile; fileRef = E6E8B50F235808BA00113376 /* MapViewController.swift */; };
		F7613F2F23D95B0800545FAD /* AdminViewController.swift in Sources */ = {isa = PBXBuildFile; fileRef = F7613F2E23D95B0800545FAD /* AdminViewController.swift */; };
		F7613F3323D962D000545FAD /* adminbldg_caption.wav in Resources */ = {isa = PBXBuildFile; fileRef = F7613F3223D962CF00545FAD /* adminbldg_caption.wav */; };
		F789F59E236CBC2B001ECC21 /* LocationViewController.swift in Sources */ = {isa = PBXBuildFile; fileRef = F789F59D236CBC2B001ECC21 /* LocationViewController.swift */; };
		F789F5A0236CC424001ECC21 /* MainNavigationController.swift in Sources */ = {isa = PBXBuildFile; fileRef = F789F59F236CC424001ECC21 /* MainNavigationController.swift */; };
/* End PBXBuildFile section */

/* Begin PBXContainerItemProxy section */
		E6E8B4EF235805CB00113376 /* PBXContainerItemProxy */ = {
			isa = PBXContainerItemProxy;
			containerPortal = E6E8B4D0235805C900113376 /* Project object */;
			proxyType = 1;
			remoteGlobalIDString = E6E8B4D7235805C900113376;
			remoteInfo = IdahoPenn;
		};
		E6E8B4FA235805CB00113376 /* PBXContainerItemProxy */ = {
			isa = PBXContainerItemProxy;
			containerPortal = E6E8B4D0235805C900113376 /* Project object */;
			proxyType = 1;
			remoteGlobalIDString = E6E8B4D7235805C900113376;
			remoteInfo = IdahoPenn;
		};
/* End PBXContainerItemProxy section */

/* Begin PBXFileReference section */
		E6E8B4D8235805C900113376 /* IdahoPenn.app */ = {isa = PBXFileReference; explicitFileType = wrapper.application; includeInIndex = 0; path = IdahoPenn.app; sourceTree = BUILT_PRODUCTS_DIR; };
		E6E8B4DB235805C900113376 /* AppDelegate.swift */ = {isa = PBXFileReference; lastKnownFileType = sourcecode.swift; path = AppDelegate.swift; sourceTree = "<group>"; };
		E6E8B4DD235805C900113376 /* art.scnassets */ = {isa = PBXFileReference; lastKnownFileType = wrapper.scnassets; path = art.scnassets; sourceTree = "<group>"; };
		E6E8B4DF235805C900113376 /* ViewController.swift */ = {isa = PBXFileReference; lastKnownFileType = sourcecode.swift; path = ViewController.swift; sourceTree = "<group>"; };
		E6E8B4E2235805C900113376 /* Base */ = {isa = PBXFileReference; lastKnownFileType = file.storyboard; name = Base; path = Base.lproj/Main.storyboard; sourceTree = "<group>"; };
		E6E8B4E4235805CB00113376 /* Assets.xcassets */ = {isa = PBXFileReference; lastKnownFileType = folder.assetcatalog; path = Assets.xcassets; sourceTree = "<group>"; };
		E6E8B4E7235805CB00113376 /* Base */ = {isa = PBXFileReference; lastKnownFileType = file.storyboard; name = Base; path = Base.lproj/LaunchScreen.storyboard; sourceTree = "<group>"; };
		E6E8B4E9235805CB00113376 /* Info.plist */ = {isa = PBXFileReference; lastKnownFileType = text.plist.xml; path = Info.plist; sourceTree = "<group>"; };
		E6E8B4EE235805CB00113376 /* IdahoPennTests.xctest */ = {isa = PBXFileReference; explicitFileType = wrapper.cfbundle; includeInIndex = 0; path = IdahoPennTests.xctest; sourceTree = BUILT_PRODUCTS_DIR; };
		E6E8B4F2235805CB00113376 /* IdahoPennTests.swift */ = {isa = PBXFileReference; lastKnownFileType = sourcecode.swift; path = IdahoPennTests.swift; sourceTree = "<group>"; };
		E6E8B4F4235805CB00113376 /* Info.plist */ = {isa = PBXFileReference; lastKnownFileType = text.plist.xml; path = Info.plist; sourceTree = "<group>"; };
		E6E8B4F9235805CB00113376 /* IdahoPennUITests.xctest */ = {isa = PBXFileReference; explicitFileType = wrapper.cfbundle; includeInIndex = 0; path = IdahoPennUITests.xctest; sourceTree = BUILT_PRODUCTS_DIR; };
		E6E8B4FD235805CB00113376 /* IdahoPennUITests.swift */ = {isa = PBXFileReference; lastKnownFileType = sourcecode.swift; path = IdahoPennUITests.swift; sourceTree = "<group>"; };
		E6E8B4FF235805CB00113376 /* Info.plist */ = {isa = PBXFileReference; lastKnownFileType = text.plist.xml; path = Info.plist; sourceTree = "<group>"; };
		E6E8B50F235808BA00113376 /* MapViewController.swift */ = {isa = PBXFileReference; lastKnownFileType = sourcecode.swift; path = MapViewController.swift; sourceTree = "<group>"; };
		F7613F2E23D95B0800545FAD /* AdminViewController.swift */ = {isa = PBXFileReference; lastKnownFileType = sourcecode.swift; path = AdminViewController.swift; sourceTree = "<group>"; };
		F7613F3223D962CF00545FAD /* adminbldg_caption.wav */ = {isa = PBXFileReference; lastKnownFileType = audio.wav; name = adminbldg_caption.wav; path = ../../../../../../Downloads/adminbldg_caption.wav; sourceTree = "<group>"; };
		F789F59D236CBC2B001ECC21 /* LocationViewController.swift */ = {isa = PBXFileReference; lastKnownFileType = sourcecode.swift; path = LocationViewController.swift; sourceTree = "<group>"; };
		F789F59F236CC424001ECC21 /* MainNavigationController.swift */ = {isa = PBXFileReference; lastKnownFileType = sourcecode.swift; path = MainNavigationController.swift; sourceTree = "<group>"; };
/* End PBXFileReference section */

/* Begin PBXFrameworksBuildPhase section */
		E6E8B4D5235805C900113376 /* Frameworks */ = {
			isa = PBXFrameworksBuildPhase;
			buildActionMask = 2147483647;
			files = (
			);
			runOnlyForDeploymentPostprocessing = 0;
		};
		E6E8B4EB235805CB00113376 /* Frameworks */ = {
			isa = PBXFrameworksBuildPhase;
			buildActionMask = 2147483647;
			files = (
			);
			runOnlyForDeploymentPostprocessing = 0;
		};
		E6E8B4F6235805CB00113376 /* Frameworks */ = {
			isa = PBXFrameworksBuildPhase;
			buildActionMask = 2147483647;
			files = (
			);
			runOnlyForDeploymentPostprocessing = 0;
		};
/* End PBXFrameworksBuildPhase section */

/* Begin PBXGroup section */
		E6E8B4CF235805C900113376 = {
			isa = PBXGroup;
			children = (
				E6E8B4DA235805C900113376 /* IdahoPenn */,
				E6E8B4F1235805CB00113376 /* IdahoPennTests */,
				E6E8B4FC235805CB00113376 /* IdahoPennUITests */,
				E6E8B4D9235805C900113376 /* Products */,
			);
			sourceTree = "<group>";
		};
		E6E8B4D9235805C900113376 /* Products */ = {
			isa = PBXGroup;
			children = (
				E6E8B4D8235805C900113376 /* IdahoPenn.app */,
				E6E8B4EE235805CB00113376 /* IdahoPennTests.xctest */,
				E6E8B4F9235805CB00113376 /* IdahoPennUITests.xctest */,
			);
			name = Products;
			sourceTree = "<group>";
		};
		E6E8B4DA235805C900113376 /* IdahoPenn */ = {
			isa = PBXGroup;
			children = (
				F7613F3123D962C200545FAD /* Audio */,
				F7613F2E23D95B0800545FAD /* AdminViewController.swift */,
				E6E8B4DB235805C900113376 /* AppDelegate.swift */,
				E6E8B4DD235805C900113376 /* art.scnassets */,
				E6E8B4DF235805C900113376 /* ViewController.swift */,
				E6E8B4E1235805C900113376 /* Main.storyboard */,
				E6E8B50F235808BA00113376 /* MapViewController.swift */,
				F789F59D236CBC2B001ECC21 /* LocationViewController.swift */,
				F789F59F236CC424001ECC21 /* MainNavigationController.swift */,
				E6E8B4E4235805CB00113376 /* Assets.xcassets */,
				E6E8B4E6235805CB00113376 /* LaunchScreen.storyboard */,
				E6E8B4E9235805CB00113376 /* Info.plist */,
			);
			path = IdahoPenn;
			sourceTree = "<group>";
		};
		E6E8B4F1235805CB00113376 /* IdahoPennTests */ = {
			isa = PBXGroup;
			children = (
				E6E8B4F2235805CB00113376 /* IdahoPennTests.swift */,
				E6E8B4F4235805CB00113376 /* Info.plist */,
			);
			path = IdahoPennTests;
			sourceTree = "<group>";
		};
		E6E8B4FC235805CB00113376 /* IdahoPennUITests */ = {
			isa = PBXGroup;
			children = (
				E6E8B4FD235805CB00113376 /* IdahoPennUITests.swift */,
				E6E8B4FF235805CB00113376 /* Info.plist */,
			);
			path = IdahoPennUITests;
			sourceTree = "<group>";
		};
		F7613F3123D962C200545FAD /* Audio */ = {
			isa = PBXGroup;
			children = (
				F7613F3223D962CF00545FAD /* adminbldg_caption.wav */,
			);
			path = Audio;
			sourceTree = "<group>";
		};
/* End PBXGroup section */

/* Begin PBXNativeTarget section */
		E6E8B4D7235805C900113376 /* IdahoPenn */ = {
			isa = PBXNativeTarget;
			buildConfigurationList = E6E8B502235805CB00113376 /* Build configuration list for PBXNativeTarget "IdahoPenn" */;
			buildPhases = (
				E6E8B4D4235805C900113376 /* Sources */,
				E6E8B4D5235805C900113376 /* Frameworks */,
				E6E8B4D6235805C900113376 /* Resources */,
			);
			buildRules = (
			);
			dependencies = (
			);
			name = IdahoPenn;
			productName = IdahoPenn;
			productReference = E6E8B4D8235805C900113376 /* IdahoPenn.app */;
			productType = "com.apple.product-type.application";
		};
		E6E8B4ED235805CB00113376 /* IdahoPennTests */ = {
			isa = PBXNativeTarget;
			buildConfigurationList = E6E8B505235805CB00113376 /* Build configuration list for PBXNativeTarget "IdahoPennTests" */;
			buildPhases = (
				E6E8B4EA235805CB00113376 /* Sources */,
				E6E8B4EB235805CB00113376 /* Frameworks */,
				E6E8B4EC235805CB00113376 /* Resources */,
			);
			buildRules = (
			);
			dependencies = (
				E6E8B4F0235805CB00113376 /* PBXTargetDependency */,
			);
			name = IdahoPennTests;
			productName = IdahoPennTests;
			productReference = E6E8B4EE235805CB00113376 /* IdahoPennTests.xctest */;
			productType = "com.apple.product-type.bundle.unit-test";
		};
		E6E8B4F8235805CB00113376 /* IdahoPennUITests */ = {
			isa = PBXNativeTarget;
			buildConfigurationList = E6E8B508235805CB00113376 /* Build configuration list for PBXNativeTarget "IdahoPennUITests" */;
			buildPhases = (
				E6E8B4F5235805CB00113376 /* Sources */,
				E6E8B4F6235805CB00113376 /* Frameworks */,
				E6E8B4F7235805CB00113376 /* Resources */,
			);
			buildRules = (
			);
			dependencies = (
				E6E8B4FB235805CB00113376 /* PBXTargetDependency */,
			);
			name = IdahoPennUITests;
			productName = IdahoPennUITests;
			productReference = E6E8B4F9235805CB00113376 /* IdahoPennUITests.xctest */;
			productType = "com.apple.product-type.bundle.ui-testing";
		};
/* End PBXNativeTarget section */

/* Begin PBXProject section */
		E6E8B4D0235805C900113376 /* Project object */ = {
			isa = PBXProject;
			attributes = {
				LastSwiftUpdateCheck = 1030;
				LastUpgradeCheck = 1030;
				ORGANIZATIONNAME = "Nicholai Cascio";
				TargetAttributes = {
					E6E8B4D7235805C900113376 = {
						CreatedOnToolsVersion = 10.3;
					};
					E6E8B4ED235805CB00113376 = {
						CreatedOnToolsVersion = 10.3;
						TestTargetID = E6E8B4D7235805C900113376;
					};
					E6E8B4F8235805CB00113376 = {
						CreatedOnToolsVersion = 10.3;
						TestTargetID = E6E8B4D7235805C900113376;
					};
				};
			};
			buildConfigurationList = E6E8B4D3235805C900113376 /* Build configuration list for PBXProject "IdahoPenn" */;
			compatibilityVersion = "Xcode 9.3";
			developmentRegion = en;
			hasScannedForEncodings = 0;
			knownRegions = (
				en,
				Base,
			);
			mainGroup = E6E8B4CF235805C900113376;
			productRefGroup = E6E8B4D9235805C900113376 /* Products */;
			projectDirPath = "";
			projectRoot = "";
			targets = (
				E6E8B4D7235805C900113376 /* IdahoPenn */,
				E6E8B4ED235805CB00113376 /* IdahoPennTests */,
				E6E8B4F8235805CB00113376 /* IdahoPennUITests */,
			);
		};
/* End PBXProject section */

/* Begin PBXResourcesBuildPhase section */
		E6E8B4D6235805C900113376 /* Resources */ = {
			isa = PBXResourcesBuildPhase;
			buildActionMask = 2147483647;
			files = (
				F7613F3323D962D000545FAD /* adminbldg_caption.wav in Resources */,
				E6E8B4DE235805C900113376 /* art.scnassets in Resources */,
				E6E8B4E8235805CB00113376 /* LaunchScreen.storyboard in Resources */,
				E6E8B4E5235805CB00113376 /* Assets.xcassets in Resources */,
				E6E8B4E3235805C900113376 /* Main.storyboard in Resources */,
			);
			runOnlyForDeploymentPostprocessing = 0;
		};
		E6E8B4EC235805CB00113376 /* Resources */ = {
			isa = PBXResourcesBuildPhase;
			buildActionMask = 2147483647;
			files = (
			);
			runOnlyForDeploymentPostprocessing = 0;
		};
		E6E8B4F7235805CB00113376 /* Resources */ = {
			isa = PBXResourcesBuildPhase;
			buildActionMask = 2147483647;
			files = (
			);
			runOnlyForDeploymentPostprocessing = 0;
		};
/* End PBXResourcesBuildPhase section */

/* Begin PBXSourcesBuildPhase section */
		E6E8B4D4235805C900113376 /* Sources */ = {
			isa = PBXSourcesBuildPhase;
			buildActionMask = 2147483647;
			files = (
				F7613F2F23D95B0800545FAD /* AdminViewController.swift in Sources */,
				F789F5A0236CC424001ECC21 /* MainNavigationController.swift in Sources */,
				E6E8B4E0235805C900113376 /* ViewController.swift in Sources */,
				E6E8B510235808BA00113376 /* MapViewController.swift in Sources */,
				E6E8B4DC235805C900113376 /* AppDelegate.swift in Sources */,
				F789F59E236CBC2B001ECC21 /* LocationViewController.swift in Sources */,
			);
			runOnlyForDeploymentPostprocessing = 0;
		};
		E6E8B4EA235805CB00113376 /* Sources */ = {
			isa = PBXSourcesBuildPhase;
			buildActionMask = 2147483647;
			files = (
				E6E8B4F3235805CB00113376 /* IdahoPennTests.swift in Sources */,
			);
			runOnlyForDeploymentPostprocessing = 0;
		};
		E6E8B4F5235805CB00113376 /* Sources */ = {
			isa = PBXSourcesBuildPhase;
			buildActionMask = 2147483647;
			files = (
				E6E8B4FE235805CB00113376 /* IdahoPennUITests.swift in Sources */,
			);
			runOnlyForDeploymentPostprocessing = 0;
		};
/* End PBXSourcesBuildPhase section */

/* Begin PBXTargetDependency section */
		E6E8B4F0235805CB00113376 /* PBXTargetDependency */ = {
			isa = PBXTargetDependency;
			target = E6E8B4D7235805C900113376 /* IdahoPenn */;
			targetProxy = E6E8B4EF235805CB00113376 /* PBXContainerItemProxy */;
		};
		E6E8B4FB235805CB00113376 /* PBXTargetDependency */ = {
			isa = PBXTargetDependency;
			target = E6E8B4D7235805C900113376 /* IdahoPenn */;
			targetProxy = E6E8B4FA235805CB00113376 /* PBXContainerItemProxy */;
		};
/* End PBXTargetDependency section */

/* Begin PBXVariantGroup section */
		E6E8B4E1235805C900113376 /* Main.storyboard */ = {
			isa = PBXVariantGroup;
			children = (
				E6E8B4E2235805C900113376 /* Base */,
			);
			name = Main.storyboard;
			sourceTree = "<group>";
		};
		E6E8B4E6235805CB00113376 /* LaunchScreen.storyboard */ = {
			isa = PBXVariantGroup;
			children = (
				E6E8B4E7235805CB00113376 /* Base */,
			);
			name = LaunchScreen.storyboard;
			sourceTree = "<group>";
		};
/* End PBXVariantGroup section */

/* Begin XCBuildConfiguration section */
		E6E8B500235805CB00113376 /* Debug */ = {
			isa = XCBuildConfiguration;
			buildSettings = {
				ALWAYS_SEARCH_USER_PATHS = NO;
				CLANG_ANALYZER_NONNULL = YES;
				CLANG_ANALYZER_NUMBER_OBJECT_CONVERSION = YES_AGGRESSIVE;
				CLANG_CXX_LANGUAGE_STANDARD = "gnu++14";
				CLANG_CXX_LIBRARY = "libc++";
				CLANG_ENABLE_MODULES = YES;
				CLANG_ENABLE_OBJC_ARC = YES;
				CLANG_ENABLE_OBJC_WEAK = YES;
				CLANG_WARN_BLOCK_CAPTURE_AUTORELEASING = YES;
				CLANG_WARN_BOOL_CONVERSION = YES;
				CLANG_WARN_COMMA = YES;
				CLANG_WARN_CONSTANT_CONVERSION = YES;
				CLANG_WARN_DEPRECATED_OBJC_IMPLEMENTATIONS = YES;
				CLANG_WARN_DIRECT_OBJC_ISA_USAGE = YES_ERROR;
				CLANG_WARN_DOCUMENTATION_COMMENTS = YES;
				CLANG_WARN_EMPTY_BODY = YES;
				CLANG_WARN_ENUM_CONVERSION = YES;
				CLANG_WARN_INFINITE_RECURSION = YES;
				CLANG_WARN_INT_CONVERSION = YES;
				CLANG_WARN_NON_LITERAL_NULL_CONVERSION = YES;
				CLANG_WARN_OBJC_IMPLICIT_RETAIN_SELF = YES;
				CLANG_WARN_OBJC_LITERAL_CONVERSION = YES;
				CLANG_WARN_OBJC_ROOT_CLASS = YES_ERROR;
				CLANG_WARN_RANGE_LOOP_ANALYSIS = YES;
				CLANG_WARN_STRICT_PROTOTYPES = YES;
				CLANG_WARN_SUSPICIOUS_MOVE = YES;
				CLANG_WARN_UNGUARDED_AVAILABILITY = YES_AGGRESSIVE;
				CLANG_WARN_UNREACHABLE_CODE = YES;
				CLANG_WARN__DUPLICATE_METHOD_MATCH = YES;
				CODE_SIGN_IDENTITY = "iPhone Developer";
				COPY_PHASE_STRIP = NO;
				DEBUG_INFORMATION_FORMAT = dwarf;
				ENABLE_STRICT_OBJC_MSGSEND = YES;
				ENABLE_TESTABILITY = YES;
				GCC_C_LANGUAGE_STANDARD = gnu11;
				GCC_DYNAMIC_NO_PIC = NO;
				GCC_NO_COMMON_BLOCKS = YES;
				GCC_OPTIMIZATION_LEVEL = 0;
				GCC_PREPROCESSOR_DEFINITIONS = (
					"DEBUG=1",
					"$(inherited)",
				);
				GCC_WARN_64_TO_32_BIT_CONVERSION = YES;
				GCC_WARN_ABOUT_RETURN_TYPE = YES_ERROR;
				GCC_WARN_UNDECLARED_SELECTOR = YES;
				GCC_WARN_UNINITIALIZED_AUTOS = YES_AGGRESSIVE;
				GCC_WARN_UNUSED_FUNCTION = YES;
				GCC_WARN_UNUSED_VARIABLE = YES;
				IPHONEOS_DEPLOYMENT_TARGET = 12.4;
				MTL_ENABLE_DEBUG_INFO = INCLUDE_SOURCE;
				MTL_FAST_MATH = YES;
				ONLY_ACTIVE_ARCH = YES;
				SDKROOT = iphoneos;
				SWIFT_ACTIVE_COMPILATION_CONDITIONS = DEBUG;
				SWIFT_OPTIMIZATION_LEVEL = "-Onone";
			};
			name = Debug;
		};
		E6E8B501235805CB00113376 /* Release */ = {
			isa = XCBuildConfiguration;
			buildSettings = {
				ALWAYS_SEARCH_USER_PATHS = NO;
				CLANG_ANALYZER_NONNULL = YES;
				CLANG_ANALYZER_NUMBER_OBJECT_CONVERSION = YES_AGGRESSIVE;
				CLANG_CXX_LANGUAGE_STANDARD = "gnu++14";
				CLANG_CXX_LIBRARY = "libc++";
				CLANG_ENABLE_MODULES = YES;
				CLANG_ENABLE_OBJC_ARC = YES;
				CLANG_ENABLE_OBJC_WEAK = YES;
				CLANG_WARN_BLOCK_CAPTURE_AUTORELEASING = YES;
				CLANG_WARN_BOOL_CONVERSION = YES;
				CLANG_WARN_COMMA = YES;
				CLANG_WARN_CONSTANT_CONVERSION = YES;
				CLANG_WARN_DEPRECATED_OBJC_IMPLEMENTATIONS = YES;
				CLANG_WARN_DIRECT_OBJC_ISA_USAGE = YES_ERROR;
				CLANG_WARN_DOCUMENTATION_COMMENTS = YES;
				CLANG_WARN_EMPTY_BODY = YES;
				CLANG_WARN_ENUM_CONVERSION = YES;
				CLANG_WARN_INFINITE_RECURSION = YES;
				CLANG_WARN_INT_CONVERSION = YES;
				CLANG_WARN_NON_LITERAL_NULL_CONVERSION = YES;
				CLANG_WARN_OBJC_IMPLICIT_RETAIN_SELF = YES;
				CLANG_WARN_OBJC_LITERAL_CONVERSION = YES;
				CLANG_WARN_OBJC_ROOT_CLASS = YES_ERROR;
				CLANG_WARN_RANGE_LOOP_ANALYSIS = YES;
				CLANG_WARN_STRICT_PROTOTYPES = YES;
				CLANG_WARN_SUSPICIOUS_MOVE = YES;
				CLANG_WARN_UNGUARDED_AVAILABILITY = YES_AGGRESSIVE;
				CLANG_WARN_UNREACHABLE_CODE = YES;
				CLANG_WARN__DUPLICATE_METHOD_MATCH = YES;
				CODE_SIGN_IDENTITY = "iPhone Developer";
				COPY_PHASE_STRIP = NO;
				DEBUG_INFORMATION_FORMAT = "dwarf-with-dsym";
				ENABLE_NS_ASSERTIONS = NO;
				ENABLE_STRICT_OBJC_MSGSEND = YES;
				GCC_C_LANGUAGE_STANDARD = gnu11;
				GCC_NO_COMMON_BLOCKS = YES;
				GCC_WARN_64_TO_32_BIT_CONVERSION = YES;
				GCC_WARN_ABOUT_RETURN_TYPE = YES_ERROR;
				GCC_WARN_UNDECLARED_SELECTOR = YES;
				GCC_WARN_UNINITIALIZED_AUTOS = YES_AGGRESSIVE;
				GCC_WARN_UNUSED_FUNCTION = YES;
				GCC_WARN_UNUSED_VARIABLE = YES;
				IPHONEOS_DEPLOYMENT_TARGET = 12.4;
				MTL_ENABLE_DEBUG_INFO = NO;
				MTL_FAST_MATH = YES;
				SDKROOT = iphoneos;
				SWIFT_COMPILATION_MODE = wholemodule;
				SWIFT_OPTIMIZATION_LEVEL = "-O";
				VALIDATE_PRODUCT = YES;
			};
			name = Release;
		};
		E6E8B503235805CB00113376 /* Debug */ = {
			isa = XCBuildConfiguration;
			buildSettings = {
				ASSETCATALOG_COMPILER_APPICON_NAME = AppIcon;
				CODE_SIGN_STYLE = Automatic;
				DEVELOPMENT_TEAM = 5S34T9FQZJ;
				INFOPLIST_FILE = IdahoPenn/Info.plist;
				IPHONEOS_DEPLOYMENT_TARGET = 13.1;
				LD_RUNPATH_SEARCH_PATHS = (
					"$(inherited)",
					"@executable_path/Frameworks",
				);
				PRODUCT_BUNDLE_IDENTIFIER = nicholaicascio.IdahoPenn;
				PRODUCT_NAME = "$(TARGET_NAME)";
				SWIFT_VERSION = 5.0;
				TARGETED_DEVICE_FAMILY = 2;
			};
			name = Debug;
		};
		E6E8B504235805CB00113376 /* Release */ = {
			isa = XCBuildConfiguration;
			buildSettings = {
				ASSETCATALOG_COMPILER_APPICON_NAME = AppIcon;
				CODE_SIGN_STYLE = Automatic;
				DEVELOPMENT_TEAM = 5S34T9FQZJ;
				INFOPLIST_FILE = IdahoPenn/Info.plist;
				IPHONEOS_DEPLOYMENT_TARGET = 13.1;
				LD_RUNPATH_SEARCH_PATHS = (
					"$(inherited)",
					"@executable_path/Frameworks",
				);
				PRODUCT_BUNDLE_IDENTIFIER = nicholaicascio.IdahoPenn;
				PRODUCT_NAME = "$(TARGET_NAME)";
				SWIFT_VERSION = 5.0;
				TARGETED_DEVICE_FAMILY = 2;
			};
			name = Release;
		};
		E6E8B506235805CB00113376 /* Debug */ = {
			isa = XCBuildConfiguration;
			buildSettings = {
				ALWAYS_EMBED_SWIFT_STANDARD_LIBRARIES = YES;
				BUNDLE_LOADER = "$(TEST_HOST)";
				CODE_SIGN_STYLE = Automatic;
				INFOPLIST_FILE = IdahoPennTests/Info.plist;
				LD_RUNPATH_SEARCH_PATHS = (
					"$(inherited)",
					"@executable_path/Frameworks",
					"@loader_path/Frameworks",
				);
				PRODUCT_BUNDLE_IDENTIFIER = nicholaicascio.IdahoPennTests;
				PRODUCT_NAME = "$(TARGET_NAME)";
				SWIFT_VERSION = 5.0;
				TARGETED_DEVICE_FAMILY = "1,2";
				TEST_HOST = "$(BUILT_PRODUCTS_DIR)/IdahoPenn.app/IdahoPenn";
			};
			name = Debug;
		};
		E6E8B507235805CB00113376 /* Release */ = {
			isa = XCBuildConfiguration;
			buildSettings = {
				ALWAYS_EMBED_SWIFT_STANDARD_LIBRARIES = YES;
				BUNDLE_LOADER = "$(TEST_HOST)";
				CODE_SIGN_STYLE = Automatic;
				INFOPLIST_FILE = IdahoPennTests/Info.plist;
				LD_RUNPATH_SEARCH_PATHS = (
					"$(inherited)",
					"@executable_path/Frameworks",
					"@loader_path/Frameworks",
				);
				PRODUCT_BUNDLE_IDENTIFIER = nicholaicascio.IdahoPennTests;
				PRODUCT_NAME = "$(TARGET_NAME)";
				SWIFT_VERSION = 5.0;
				TARGETED_DEVICE_FAMILY = "1,2";
				TEST_HOST = "$(BUILT_PRODUCTS_DIR)/IdahoPenn.app/IdahoPenn";
			};
			name = Release;
		};
		E6E8B509235805CB00113376 /* Debug */ = {
			isa = XCBuildConfiguration;
			buildSettings = {
				ALWAYS_EMBED_SWIFT_STANDARD_LIBRARIES = YES;
				CODE_SIGN_STYLE = Automatic;
				INFOPLIST_FILE = IdahoPennUITests/Info.plist;
				LD_RUNPATH_SEARCH_PATHS = (
					"$(inherited)",
					"@executable_path/Frameworks",
					"@loader_path/Frameworks",
				);
				PRODUCT_BUNDLE_IDENTIFIER = nicholaicascio.IdahoPennUITests;
				PRODUCT_NAME = "$(TARGET_NAME)";
				SWIFT_VERSION = 5.0;
				TARGETED_DEVICE_FAMILY = "1,2";
				TEST_TARGET_NAME = IdahoPenn;
			};
			name = Debug;
		};
		E6E8B50A235805CB00113376 /* Release */ = {
			isa = XCBuildConfiguration;
			buildSettings = {
				ALWAYS_EMBED_SWIFT_STANDARD_LIBRARIES = YES;
				CODE_SIGN_STYLE = Automatic;
				INFOPLIST_FILE = IdahoPennUITests/Info.plist;
				LD_RUNPATH_SEARCH_PATHS = (
					"$(inherited)",
					"@executable_path/Frameworks",
					"@loader_path/Frameworks",
				);
				PRODUCT_BUNDLE_IDENTIFIER = nicholaicascio.IdahoPennUITests;
				PRODUCT_NAME = "$(TARGET_NAME)";
				SWIFT_VERSION = 5.0;
				TARGETED_DEVICE_FAMILY = "1,2";
				TEST_TARGET_NAME = IdahoPenn;
			};
			name = Release;
		};
/* End XCBuildConfiguration section */

/* Begin XCConfigurationList section */
		E6E8B4D3235805C900113376 /* Build configuration list for PBXProject "IdahoPenn" */ = {
			isa = XCConfigurationList;
			buildConfigurations = (
				E6E8B500235805CB00113376 /* Debug */,
				E6E8B501235805CB00113376 /* Release */,
			);
			defaultConfigurationIsVisible = 0;
			defaultConfigurationName = Release;
		};
		E6E8B502235805CB00113376 /* Build configuration list for PBXNativeTarget "IdahoPenn" */ = {
			isa = XCConfigurationList;
			buildConfigurations = (
				E6E8B503235805CB00113376 /* Debug */,
				E6E8B504235805CB00113376 /* Release */,
			);
			defaultConfigurationIsVisible = 0;
			defaultConfigurationName = Release;
		};
		E6E8B505235805CB00113376 /* Build configuration list for PBXNativeTarget "IdahoPennTests" */ = {
			isa = XCConfigurationList;
			buildConfigurations = (
				E6E8B506235805CB00113376 /* Debug */,
				E6E8B507235805CB00113376 /* Release */,
			);
			defaultConfigurationIsVisible = 0;
			defaultConfigurationName = Release;
		};
		E6E8B508235805CB00113376 /* Build configuration list for PBXNativeTarget "IdahoPennUITests" */ = {
			isa = XCConfigurationList;
			buildConfigurations = (
				E6E8B509235805CB00113376 /* Debug */,
				E6E8B50A235805CB00113376 /* Release */,
			);
			defaultConfigurationIsVisible = 0;
			defaultConfigurationName = Release;
		};
/* End XCConfigurationList section */
	};
	rootObject = E6E8B4D0235805C900113376 /* Project object */;
}
